version = 1
revision = 3
requires-python = ">=3.13"

[[package]]
name = "course-work-example"
version = "0.1.0"
source = { virtual = "." }
dependencies = [
    { name = "mmdc" },
]

[package.metadata]
requires-dist = [{ name = "mmdc", specifier = ">=0.4.1" }]

[[package]]
name = "mmdc"
version = "0.4.1"
source = { registry = "https://pypi.org/simple" }
dependencies = [
    { name = "phasma" },
]
wheels = [
    { url = "https://files.pythonhosted.org/packages/14/39/3179a0e6684f91aae3f41cb80d99b97d40177f0fb8a08a971bb45ae4c115/mmdc-0.4.1-py3-none-any.whl", hash = "sha256:84bccd4ab7a473c40511043c243242ca88fbad806351f8161765589117afbbd3", size = 472040, upload-time = "2026-01-22T21:41:52.823Z" },
]

[[package]]
name = "phasma"
version = "0.5.0"
source = { registry = "https://pypi.org/simple" }
wheels = [
    { url = "https://files.pythonhosted.org/packages/d9/f2/c6f39c7a3b2ddcd6fea71c8158a27480a498de7e85d0165d44fb15087062/phasma-0.5.0-py3-none-macosx_10_9_universal2.whl", hash = "sha256:d209e9c2720fbc9ea1e07bd0ae67d1b90075a88886a7438121a084d07bda56c7", size = 17231073, upload-time = "2025-12-30T11:11:19.659Z" },
    { url = "https://files.pythonhosted.org/packages/9d/46/d01f3b175a7bdf6cdfcc6b688aca00d4b77a545ab8ac00b29d696e5a915c/phasma-0.5.0-py3-none-manylinux_2_17_i686.whl", hash = "sha256:cd3772db3bc52ac8478fc23b82ea7636c1889b76f2394ceb03bdc1efac01e348", size = 27270663, upload-time = "2025-12-30T11:11:22.305Z" },
    { url = "https://files.pythonhosted.org/packages/87/76/24065a7ab6e771575a74e071dfe39a17a9447ab8cd2e0b92ea31eeb60b70/phasma-0.5.0-py3-none-manylinux_2_17_x86_64.whl", hash = "sha256:768365d8035f48f574b6496924aaa33ee8b52d2862ccfae8255d7e37d4ceb340", size = 26241614, upload-time = "2025-12-30T11:11:25.332Z" },
    { url = "https://files.pythonhosted.org/packages/3b/04/809333d3ad0676c982fa016df88e94d3830bf1413b07de679ae74930c9fa/phasma-0.5.0-py3-none-win_amd64.whl", hash = "sha256:99dc29b11d55b9574772c5a7c0feb407704e8e20f2f534791c3c125a5dda4cd9", size = 18220978, upload-time = "2025-12-30T11:11:28.088Z" },
]
